
Microsoft Visual Studio Solution File, Format Version 12.00
# Visual Studio 2012
Project("{FAE04EC0-301F-11D3-BF4B-00C04F79EFBC}") = "LinkShortener", "LinkShortener\LinkShortener.csproj", "{46580553-0D68-4A16-A8A9-72CB6AB5833E}"
EndProject
Project("{FAE04EC0-301F-11D3-BF4B-00C04F79EFBC}") = "LinkShortener.Tests", "LinkShortener.Tests\LinkShortener.Tests.csproj", "{A9434643-3389-451A-8495-FDE802C04FE6}"
EndProject
Project("{FAE04EC0-301F-11D3-BF4B-00C04F79EFBC}") = "LinkEntities", "LinkEntities\LinkEntities.csproj", "{12CE9972-417E-4F04-8A01-F73BA09F22FB}"
EndProject
Global
	GlobalSection(SolutionConfigurationPlatforms) = preSolution
		Debug|Any CPU = Debug|Any CPU
		Release|Any CPU = Release|Any CPU
	EndGlobalSection
	GlobalSection(ProjectConfigurationPlatforms) = postSolution
		{46580553-0D68-4A16-A8A9-72CB6AB5833E}.Debug|Any CPU.ActiveCfg = Debug|Any CPU
		{46580553-0D68-4A16-A8A9-72CB6AB5833E}.Debug|Any CPU.Build.0 = Debug|Any CPU
		{46580553-0D68-4A16-A8A9-72CB6AB5833E}.Release|Any CPU.ActiveCfg = Release|Any CPU
		{46580553-0D68-4A16-A8A9-72CB6AB5833E}.Release|Any CPU.Build.0 = Release|Any CPU
		{A9434643-3389-451A-8495-FDE802C04FE6}.Debug|Any CPU.ActiveCfg = Debug|Any CPU
		{A9434643-3389-451A-8495-FDE802C04FE6}.Debug|Any CPU.Build.0 = Debug|Any CPU
		{A9434643-3389-451A-8495-FDE802C04FE6}.Release|Any CPU.ActiveCfg = Release|Any CPU
		{A9434643-3389-451A-8495-FDE802C04FE6}.Release|Any CPU.Build.0 = Release|Any CPU
		{12CE9972-417E-4F04-8A01-F73BA09F22FB}.Debug|Any CPU.ActiveCfg = Debug|Any CPU
		{12CE9972-417E-4F04-8A01-F73BA09F22FB}.Debug|Any CPU.Build.0 = Debug|Any CPU
		{12CE9972-417E-4F04-8A01-F73BA09F22FB}.Release|Any CPU.ActiveCfg = Release|Any CPU
		{12CE9972-417E-4F04-8A01-F73BA09F22FB}.Release|Any CPU.Build.0 = Release|Any CPU
	EndGlobalSection
	GlobalSection(SolutionProperties) = preSolution
		HideSolutionNode = FALSE
	EndGlobalSection
EndGlobal
